
Microsoft Visual Studio Solution File, Format Version 12.00
# Visual Studio Version 17
VisualStudioVersion = 17.12.35527.113 d17.12
MinimumVisualStudioVersion = 10.0.40219.1
Project("{FAE04EC0-301F-11D3-BF4B-00C04F79EFBC}") = "C43-G05-OOP03", "C43-G05-OOP03\C43-G05-OOP03.csproj", "{F1F7A264-B8C7-4F81-9385-CEB4D792B57E}"
EndProject
Global
	GlobalSection(SolutionConfigurationPlatforms) = preSolution
		Debug|Any CPU = Debug|Any CPU
		Release|Any CPU = Release|Any CPU
	EndGlobalSection
	GlobalSection(ProjectConfigurationPlatforms) = postSolution
		{F1F7A264-B8C7-4F81-9385-CEB4D792B57E}.Debug|Any CPU.ActiveCfg = Debug|Any CPU
		{F1F7A264-B8C7-4F81-9385-CEB4D792B57E}.Debug|Any CPU.Build.0 = Debug|Any CPU
		{F1F7A264-B8C7-4F81-9385-CEB4D792B57E}.Release|Any CPU.ActiveCfg = Release|Any CPU
		{F1F7A264-B8C7-4F81-9385-CEB4D792B57E}.Release|Any CPU.Build.0 = Release|Any CPU
	EndGlobalSection
	GlobalSection(SolutionProperties) = preSolution
		HideSolutionNode = FALSE
	EndGlobalSection
EndGlobal
